{
  "name": "slack",
  "version": "1.0.0",
  "lockfileVersion": 1,
  "requires": true,
  "dependencies": {
    "public-google-sheets-parser": {
      "version": "1.2.6",
      "resolved": "https://registry.npmjs.org/public-google-sheets-parser/-/public-google-sheets-parser-1.2.6.tgz",
      "integrity": "sha512-sWtWEGw7735Hfo04zjMGiXF7XI9SNTjBJFQQluIQmPjI3hnB9pSgcUMPGRF+W0IiJSF28x2EksJ/n1Vi/x8jYg=="
    },
    "querystring": {
      "version": "0.2.1",
      "resolved": "https://registry.npmjs.org/querystring/-/querystring-0.2.1.tgz",
      "integrity": "sha512-wkvS7mL/JMugcup3/rMitHmd9ecIGd2lhFhK9N3UUQ450h66d1r3Y9nvXzQAW1Lq+wyx61k/1pfKS5KuKiyEbg=="
    }
  }
}
